
Microsoft Visual Studio Solution File, Format Version 12.00
# Visual Studio Version 17
VisualStudioVersion = 17.7.34003.232
MinimumVisualStudioVersion = 10.0.40219.1
Project("{FAE04EC0-301F-11D3-BF4B-00C04F79EFBC}") = "web_lr6_zzz", "web_lr6_zzz.csproj", "{87C75BF8-4CC2-45D8-A9D9-0E2D36E7259B}"
EndProject
Global
	GlobalSection(SolutionConfigurationPlatforms) = preSolution
		Debug|Any CPU = Debug|Any CPU
		Release|Any CPU = Release|Any CPU
	EndGlobalSection
	GlobalSection(ProjectConfigurationPlatforms) = postSolution
		{87C75BF8-4CC2-45D8-A9D9-0E2D36E7259B}.Debug|Any CPU.ActiveCfg = Debug|Any CPU
		{87C75BF8-4CC2-45D8-A9D9-0E2D36E7259B}.Debug|Any CPU.Build.0 = Debug|Any CPU
		{87C75BF8-4CC2-45D8-A9D9-0E2D36E7259B}.Release|Any CPU.ActiveCfg = Release|Any CPU
		{87C75BF8-4CC2-45D8-A9D9-0E2D36E7259B}.Release|Any CPU.Build.0 = Release|Any CPU
	EndGlobalSection
	GlobalSection(SolutionProperties) = preSolution
		HideSolutionNode = FALSE
	EndGlobalSection
	GlobalSection(ExtensibilityGlobals) = postSolution
		SolutionGuid = {0A1904B3-DDF7-49B0-AB47-FA986B6E60B6}
	EndGlobalSection
EndGlobal
